{
  "name": "lezer-gdscript",
  "version": "1.0.0",
  "lockfileVersion": 3,
  "requires": true,
  "packages": {
    "": {
      "name": "lezer-gdscript",
      "version": "1.0.0",
      "license": "ISC",
      "devDependencies": {
        "@lezer/generator": "^1.6.0",
        "@lezer/python": "^1.1.11"
      }
    },
    "node_modules/@lezer/common": {
      "version": "1.2.1",
      "resolved": "https://registry.npmjs.org/@lezer/common/-/common-1.2.1.tgz",
      "integrity": "sha512-yemX0ZD2xS/73llMZIK6KplkjIjf2EvAHcinDi/TfJ9hS25G0388+ClHt6/3but0oOxinTcQHJLDXh6w1crzFQ==",
      "dev": true
    },
    "node_modules/@lezer/generator": {
      "version": "1.6.0",
      "resolved": "https://registry.npmjs.org/@lezer/generator/-/generator-1.6.0.tgz",
      "integrity": "sha512-mDwFNchv4jBEoZBaZbr5GlKR7BM6W/ZanTOZN6p4avuzcmYHTZ0nIbwtBqvXoeBrqmFSvL2zHL5TX9FWkXKc2w==",
      "dev": true,
      "dependencies": {
        "@lezer/common": "^1.1.0",
        "@lezer/lr": "^1.3.0"
      },
      "bin": {
        "lezer-generator": "src/lezer-generator.cjs"
      }
    },
    "node_modules/@lezer/highlight": {
      "version": "1.2.0",
      "resolved": "https://registry.npmjs.org/@lezer/highlight/-/highlight-1.2.0.tgz",
      "integrity": "sha512-WrS5Mw51sGrpqjlh3d4/fOwpEV2Hd3YOkp9DBt4k8XZQcoTHZFB7sx030A6OcahF4J1nDQAa3jXlTVVYH50IFA==",
      "dev": true,
      "dependencies": {
        "@lezer/common": "^1.0.0"
      }
    },
    "node_modules/@lezer/lr": {
      "version": "1.4.0",
      "resolved": "https://registry.npmjs.org/@lezer/lr/-/lr-1.4.0.tgz",
      "integrity": "sha512-Wst46p51km8gH0ZUmeNrtpRYmdlRHUpN1DQd3GFAyKANi8WVz8c2jHYTf1CVScFaCjQw1iO3ZZdqGDxQPRErTg==",
      "dev": true,
      "dependencies": {
        "@lezer/common": "^1.0.0"
      }
    },
    "node_modules/@lezer/python": {
      "version": "1.1.11",
      "resolved": "https://registry.npmjs.org/@lezer/python/-/python-1.1.11.tgz",
      "integrity": "sha512-C3QeLCcdAKJDUOsYjfFP6a1wdn8jhUNX200bgFm8TpKH1eM2PlgYQS5ugw6E38qGeEx7CP21I1Q52SoybXt0OQ==",
      "dev": true,
      "dependencies": {
        "@lezer/common": "^1.2.0",
        "@lezer/highlight": "^1.0.0",
        "@lezer/lr": "^1.0.0"
      }
    }
  }
}
